// !$*UTF8*$!
{
	archiveVersion = 1;
	classes = {
	};
	objectVersion = 56;
	objects = {

/* Begin PBXBuildFile section */
		B01B58712ABB255C0050BC32 /* LoginScreen.swift in Sources */ = {isa = PBXBuildFile; fileRef = B01B58702ABB255C0050BC32 /* LoginScreen.swift */; };
		B01B58872ABC3BF00050BC32 /* Neumorphic in Frameworks */ = {isa = PBXBuildFile; productRef = B01B58862ABC3BF00050BC32 /* Neumorphic */; };
		B01B588E2ABC415E0050BC32 /* GoogleAuthService.swift in Sources */ = {isa = PBXBuildFile; fileRef = B01B588D2ABC415E0050BC32 /* GoogleAuthService.swift */; };
		B01B58952ABC476C0050BC32 /* GoogleService-Info.plist in Resources */ = {isa = PBXBuildFile; fileRef = B01B58942ABC476B0050BC32 /* GoogleService-Info.plist */; };
		B01B58992ABC4FFE0050BC32 /* FirebaseAnalytics in Frameworks */ = {isa = PBXBuildFile; productRef = B01B58982ABC4FFE0050BC32 /* FirebaseAnalytics */; };
		B01B589B2ABC4FFE0050BC32 /* FirebaseAnalyticsOnDeviceConversion in Frameworks */ = {isa = PBXBuildFile; productRef = B01B589A2ABC4FFE0050BC32 /* FirebaseAnalyticsOnDeviceConversion */; };
		B01B589D2ABC4FFE0050BC32 /* FirebaseAnalyticsSwift in Frameworks */ = {isa = PBXBuildFile; productRef = B01B589C2ABC4FFE0050BC32 /* FirebaseAnalyticsSwift */; };
		B01B589F2ABC4FFE0050BC32 /* FirebaseAnalyticsWithoutAdIdSupport in Frameworks */ = {isa = PBXBuildFile; productRef = B01B589E2ABC4FFE0050BC32 /* FirebaseAnalyticsWithoutAdIdSupport */; };
		B01B58A12ABC4FFE0050BC32 /* FirebaseAppCheck in Frameworks */ = {isa = PBXBuildFile; productRef = B01B58A02ABC4FFE0050BC32 /* FirebaseAppCheck */; };
		B01B58A32ABC4FFE0050BC32 /* FirebaseAppDistribution-Beta in Frameworks */ = {isa = PBXBuildFile; productRef = B01B58A22ABC4FFE0050BC32 /* FirebaseAppDistribution-Beta */; };
		B01B58A52ABC4FFE0050BC32 /* FirebaseAuth in Frameworks */ = {isa = PBXBuildFile; productRef = B01B58A42ABC4FFE0050BC32 /* FirebaseAuth */; };
		B01B58A72ABC4FFE0050BC32 /* FirebaseAuthCombine-Community in Frameworks */ = {isa = PBXBuildFile; productRef = B01B58A62ABC4FFE0050BC32 /* FirebaseAuthCombine-Community */; };
		B01B58A92ABC4FFE0050BC32 /* FirebaseCrashlytics in Frameworks */ = {isa = PBXBuildFile; productRef = B01B58A82ABC4FFE0050BC32 /* FirebaseCrashlytics */; };
		B01B58AB2ABC4FFE0050BC32 /* FirebaseDatabase in Frameworks */ = {isa = PBXBuildFile; productRef = B01B58AA2ABC4FFE0050BC32 /* FirebaseDatabase */; };
		B01B58AD2ABC4FFE0050BC32 /* FirebaseDatabaseSwift in Frameworks */ = {isa = PBXBuildFile; productRef = B01B58AC2ABC4FFE0050BC32 /* FirebaseDatabaseSwift */; };
		B01B58AF2ABC4FFE0050BC32 /* FirebaseDynamicLinks in Frameworks */ = {isa = PBXBuildFile; productRef = B01B58AE2ABC4FFE0050BC32 /* FirebaseDynamicLinks */; };
		B01B58B12ABC4FFE0050BC32 /* FirebaseFirestore in Frameworks */ = {isa = PBXBuildFile; productRef = B01B58B02ABC4FFE0050BC32 /* FirebaseFirestore */; };
		B01B58B32ABC4FFE0050BC32 /* FirebaseFirestoreCombine-Community in Frameworks */ = {isa = PBXBuildFile; productRef = B01B58B22ABC4FFE0050BC32 /* FirebaseFirestoreCombine-Community */; };
		B01B58B52ABC4FFE0050BC32 /* FirebaseFirestoreSwift in Frameworks */ = {isa = PBXBuildFile; productRef = B01B58B42ABC4FFE0050BC32 /* FirebaseFirestoreSwift */; };
		B01B58B72ABC4FFE0050BC32 /* FirebaseFunctions in Frameworks */ = {isa = PBXBuildFile; productRef = B01B58B62ABC4FFE0050BC32 /* FirebaseFunctions */; };
		B01B58B92ABC4FFE0050BC32 /* FirebaseFunctionsCombine-Community in Frameworks */ = {isa = PBXBuildFile; productRef = B01B58B82ABC4FFE0050BC32 /* FirebaseFunctionsCombine-Community */; };
		B01B58BB2ABC4FFE0050BC32 /* FirebaseInAppMessaging-Beta in Frameworks */ = {isa = PBXBuildFile; productRef = B01B58BA2ABC4FFE0050BC32 /* FirebaseInAppMessaging-Beta */; };
		B01B58BD2ABC4FFE0050BC32 /* FirebaseInAppMessagingSwift-Beta in Frameworks */ = {isa = PBXBuildFile; productRef = B01B58BC2ABC4FFE0050BC32 /* FirebaseInAppMessagingSwift-Beta */; };
		B01B58BF2ABC4FFE0050BC32 /* FirebaseInstallations in Frameworks */ = {isa = PBXBuildFile; productRef = B01B58BE2ABC4FFE0050BC32 /* FirebaseInstallations */; };
		B01B58C12ABC4FFE0050BC32 /* FirebaseMLModelDownloader in Frameworks */ = {isa = PBXBuildFile; productRef = B01B58C02ABC4FFE0050BC32 /* FirebaseMLModelDownloader */; };
		B01B58C32ABC4FFE0050BC32 /* FirebaseMessaging in Frameworks */ = {isa = PBXBuildFile; productRef = B01B58C22ABC4FFE0050BC32 /* FirebaseMessaging */; };
		B01B58C52ABC4FFE0050BC32 /* FirebasePerformance in Frameworks */ = {isa = PBXBuildFile; productRef = B01B58C42ABC4FFE0050BC32 /* FirebasePerformance */; };
		B01B58C72ABC4FFE0050BC32 /* FirebaseRemoteConfig in Frameworks */ = {isa = PBXBuildFile; productRef = B01B58C62ABC4FFE0050BC32 /* FirebaseRemoteConfig */; };
		B01B58C92ABC4FFE0050BC32 /* FirebaseRemoteConfigSwift in Frameworks */ = {isa = PBXBuildFile; productRef = B01B58C82ABC4FFE0050BC32 /* FirebaseRemoteConfigSwift */; };
		B01B58CB2ABC4FFE0050BC32 /* FirebaseStorage in Frameworks */ = {isa = PBXBuildFile; productRef = B01B58CA2ABC4FFE0050BC32 /* FirebaseStorage */; };
		B01B58CD2ABC4FFE0050BC32 /* FirebaseStorageCombine-Community in Frameworks */ = {isa = PBXBuildFile; productRef = B01B58CC2ABC4FFE0050BC32 /* FirebaseStorageCombine-Community */; };
		B01B58D02ABC50620050BC32 /* GoogleSignIn in Frameworks */ = {isa = PBXBuildFile; productRef = B01B58CF2ABC50620050BC32 /* GoogleSignIn */; };
		B01B58D22ABC50620050BC32 /* GoogleSignInSwift in Frameworks */ = {isa = PBXBuildFile; productRef = B01B58D12ABC50620050BC32 /* GoogleSignInSwift */; };
		B01B58D42ABCBB180050BC32 /* GoogleUser.swift in Sources */ = {isa = PBXBuildFile; fileRef = B01B58D32ABCBB180050BC32 /* GoogleUser.swift */; };
		B01B58D92ABD9B930050BC32 /* AppStore.swift in Sources */ = {isa = PBXBuildFile; fileRef = B01B58D82ABD9B930050BC32 /* AppStore.swift */; };
		B01B58DE2ABD9C620050BC32 /* RoundedProfilePictureView.swift in Sources */ = {isa = PBXBuildFile; fileRef = B01B58DD2ABD9C620050BC32 /* RoundedProfilePictureView.swift */; };
		B0491C982AB057DB0027A178 /* NewsApiApp.swift in Sources */ = {isa = PBXBuildFile; fileRef = B0491C972AB057DB0027A178 /* NewsApiApp.swift */; };
		B0491C9A2AB057DB0027A178 /* NewsApp.swift in Sources */ = {isa = PBXBuildFile; fileRef = B0491C992AB057DB0027A178 /* NewsApp.swift */; };
		B0491C9C2AB057DC0027A178 /* Assets.xcassets in Resources */ = {isa = PBXBuildFile; fileRef = B0491C9B2AB057DC0027A178 /* Assets.xcassets */; };
		B0491C9F2AB057DC0027A178 /* Preview Assets.xcassets in Resources */ = {isa = PBXBuildFile; fileRef = B0491C9E2AB057DC0027A178 /* Preview Assets.xcassets */; };
		B0491CA92AB057DC0027A178 /* NewsApiTests.swift in Sources */ = {isa = PBXBuildFile; fileRef = B0491CA82AB057DC0027A178 /* NewsApiTests.swift */; };
		B0491CB32AB057DC0027A178 /* NewsApiUITests.swift in Sources */ = {isa = PBXBuildFile; fileRef = B0491CB22AB057DC0027A178 /* NewsApiUITests.swift */; };
		B0491CB52AB057DC0027A178 /* NewsApiUITestsLaunchTests.swift in Sources */ = {isa = PBXBuildFile; fileRef = B0491CB42AB057DC0027A178 /* NewsApiUITestsLaunchTests.swift */; };
		B0491CC42AB1C8AB0027A178 /* BackgroundView.swift in Sources */ = {isa = PBXBuildFile; fileRef = B0491CC32AB1C8AB0027A178 /* BackgroundView.swift */; };
		B0491CC62AB4588B0027A178 /* NewsCard.swift in Sources */ = {isa = PBXBuildFile; fileRef = B0491CC52AB4588B0027A178 /* NewsCard.swift */; };
		B0491CC82AB458D70027A178 /* SearchInput.swift in Sources */ = {isa = PBXBuildFile; fileRef = B0491CC72AB458D70027A178 /* SearchInput.swift */; };
		B0491CCF2AB470810027A178 /* NewsScreen.swift in Sources */ = {isa = PBXBuildFile; fileRef = B0491CCE2AB470810027A178 /* NewsScreen.swift */; };
		B0491CD22AB473790027A178 /* NewsDetail.swift in Sources */ = {isa = PBXBuildFile; fileRef = B0491CD12AB473790027A178 /* NewsDetail.swift */; };
		B09709BA2AC431D50065FEE6 /* ArticleView.swift in Sources */ = {isa = PBXBuildFile; fileRef = B09709B92AC431D50065FEE6 /* ArticleView.swift */; };
		B09709BD2AC4372A0065FEE6 /* AddArticleView.swift in Sources */ = {isa = PBXBuildFile; fileRef = B09709BC2AC4372A0065FEE6 /* AddArticleView.swift */; };
		B09709BF2AC577990065FEE6 /* FirebaseArticle.swift in Sources */ = {isa = PBXBuildFile; fileRef = B09709BE2AC577990065FEE6 /* FirebaseArticle.swift */; };
		B09709C22AC57DB90065FEE6 /* FirebaseArticleViewModel.swift in Sources */ = {isa = PBXBuildFile; fileRef = B09709C12AC57DB90065FEE6 /* FirebaseArticleViewModel.swift */; };
		B09709C42AC59AB80065FEE6 /* ArticleListItemView.swift in Sources */ = {isa = PBXBuildFile; fileRef = B09709C32AC59AB80065FEE6 /* ArticleListItemView.swift */; };
		B09709C62AC59BF50065FEE6 /* ArticleDetailView.swift in Sources */ = {isa = PBXBuildFile; fileRef = B09709C52AC59BF50065FEE6 /* ArticleDetailView.swift */; };
		B09709C82AC6CAB80065FEE6 /* ArticleEditView.swift in Sources */ = {isa = PBXBuildFile; fileRef = B09709C72AC6CAB80065FEE6 /* ArticleEditView.swift */; };
/* End PBXBuildFile section */

/* Begin PBXContainerItemProxy section */
		B0491CA52AB057DC0027A178 /* PBXContainerItemProxy */ = {
			isa = PBXContainerItemProxy;
			containerPortal = B0491C8C2AB057DB0027A178 /* Project object */;
			proxyType = 1;
			remoteGlobalIDString = B0491C932AB057DB0027A178;
			remoteInfo = NewsApi;
		};
		B0491CAF2AB057DC0027A178 /* PBXContainerItemProxy */ = {
			isa = PBXContainerItemProxy;
			containerPortal = B0491C8C2AB057DB0027A178 /* Project object */;
			proxyType = 1;
			remoteGlobalIDString = B0491C932AB057DB0027A178;
			remoteInfo = NewsApi;
		};
/* End PBXContainerItemProxy section */

/* Begin PBXFileReference section */
		B01B58702ABB255C0050BC32 /* LoginScreen.swift */ = {isa = PBXFileReference; lastKnownFileType = sourcecode.swift; path = LoginScreen.swift; sourceTree = "<group>"; };
		B01B588D2ABC415E0050BC32 /* GoogleAuthService.swift */ = {isa = PBXFileReference; lastKnownFileType = sourcecode.swift; path = GoogleAuthService.swift; sourceTree = "<group>"; };
		B01B58942ABC476B0050BC32 /* GoogleService-Info.plist */ = {isa = PBXFileReference; fileEncoding = 4; lastKnownFileType = text.plist.xml; path = "GoogleService-Info.plist"; sourceTree = "<group>"; };
		B01B58962ABC47C90050BC32 /* Info.plist */ = {isa = PBXFileReference; lastKnownFileType = text.plist; path = Info.plist; sourceTree = "<group>"; };
		B01B58D32ABCBB180050BC32 /* GoogleUser.swift */ = {isa = PBXFileReference; lastKnownFileType = sourcecode.swift; path = GoogleUser.swift; sourceTree = "<group>"; };
		B01B58D82ABD9B930050BC32 /* AppStore.swift */ = {isa = PBXFileReference; lastKnownFileType = sourcecode.swift; path = AppStore.swift; sourceTree = "<group>"; };
		B01B58DD2ABD9C620050BC32 /* RoundedProfilePictureView.swift */ = {isa = PBXFileReference; lastKnownFileType = sourcecode.swift; path = RoundedProfilePictureView.swift; sourceTree = "<group>"; };
		B0491C942AB057DB0027A178 /* NewsApi.app */ = {isa = PBXFileReference; explicitFileType = wrapper.application; includeInIndex = 0; path = NewsApi.app; sourceTree = BUILT_PRODUCTS_DIR; };
		B0491C972AB057DB0027A178 /* NewsApiApp.swift */ = {isa = PBXFileReference; lastKnownFileType = sourcecode.swift; path = NewsApiApp.swift; sourceTree = "<group>"; };
		B0491C992AB057DB0027A178 /* NewsApp.swift */ = {isa = PBXFileReference; lastKnownFileType = sourcecode.swift; path = NewsApp.swift; sourceTree = "<group>"; };
		B0491C9B2AB057DC0027A178 /* Assets.xcassets */ = {isa = PBXFileReference; lastKnownFileType = folder.assetcatalog; path = Assets.xcassets; sourceTree = "<group>"; };
		B0491C9E2AB057DC0027A178 /* Preview Assets.xcassets */ = {isa = PBXFileReference; lastKnownFileType = folder.assetcatalog; path = "Preview Assets.xcassets"; sourceTree = "<group>"; };
		B0491CA42AB057DC0027A178 /* NewsApiTests.xctest */ = {isa = PBXFileReference; explicitFileType = wrapper.cfbundle; includeInIndex = 0; path = NewsApiTests.xctest; sourceTree = BUILT_PRODUCTS_DIR; };
		B0491CA82AB057DC0027A178 /* NewsApiTests.swift */ = {isa = PBXFileReference; lastKnownFileType = sourcecode.swift; path = NewsApiTests.swift; sourceTree = "<group>"; };
		B0491CAE2AB057DC0027A178 /* NewsApiUITests.xctest */ = {isa = PBXFileReference; explicitFileType = wrapper.cfbundle; includeInIndex = 0; path = NewsApiUITests.xctest; sourceTree = BUILT_PRODUCTS_DIR; };
		B0491CB22AB057DC0027A178 /* NewsApiUITests.swift */ = {isa = PBXFileReference; lastKnownFileType = sourcecode.swift; path = NewsApiUITests.swift; sourceTree = "<group>"; };
		B0491CB42AB057DC0027A178 /* NewsApiUITestsLaunchTests.swift */ = {isa = PBXFileReference; lastKnownFileType = sourcecode.swift; path = NewsApiUITestsLaunchTests.swift; sourceTree = "<group>"; };
		B0491CC32AB1C8AB0027A178 /* BackgroundView.swift */ = {isa = PBXFileReference; lastKnownFileType = sourcecode.swift; path = BackgroundView.swift; sourceTree = "<group>"; };
		B0491CC52AB4588B0027A178 /* NewsCard.swift */ = {isa = PBXFileReference; lastKnownFileType = sourcecode.swift; path = NewsCard.swift; sourceTree = "<group>"; };
		B0491CC72AB458D70027A178 /* SearchInput.swift */ = {isa = PBXFileReference; lastKnownFileType = sourcecode.swift; path = SearchInput.swift; sourceTree = "<group>"; };
		B0491CCE2AB470810027A178 /* NewsScreen.swift */ = {isa = PBXFileReference; lastKnownFileType = sourcecode.swift; path = NewsScreen.swift; sourceTree = "<group>"; };
		B0491CD12AB473790027A178 /* NewsDetail.swift */ = {isa = PBXFileReference; lastKnownFileType = sourcecode.swift; path = NewsDetail.swift; sourceTree = "<group>"; };
		B09709B92AC431D50065FEE6 /* ArticleView.swift */ = {isa = PBXFileReference; lastKnownFileType = sourcecode.swift; path = ArticleView.swift; sourceTree = "<group>"; };
		B09709BC2AC4372A0065FEE6 /* AddArticleView.swift */ = {isa = PBXFileReference; lastKnownFileType = sourcecode.swift; path = AddArticleView.swift; sourceTree = "<group>"; };
		B09709BE2AC577990065FEE6 /* FirebaseArticle.swift */ = {isa = PBXFileReference; lastKnownFileType = sourcecode.swift; path = FirebaseArticle.swift; sourceTree = "<group>"; };
		B09709C12AC57DB90065FEE6 /* FirebaseArticleViewModel.swift */ = {isa = PBXFileReference; lastKnownFileType = sourcecode.swift; path = FirebaseArticleViewModel.swift; sourceTree = "<group>"; };
		B09709C32AC59AB80065FEE6 /* ArticleListItemView.swift */ = {isa = PBXFileReference; lastKnownFileType = sourcecode.swift; path = ArticleListItemView.swift; sourceTree = "<group>"; };
		B09709C52AC59BF50065FEE6 /* ArticleDetailView.swift */ = {isa = PBXFileReference; lastKnownFileType = sourcecode.swift; path = ArticleDetailView.swift; sourceTree = "<group>"; };
		B09709C72AC6CAB80065FEE6 /* ArticleEditView.swift */ = {isa = PBXFileReference; lastKnownFileType = sourcecode.swift; path = ArticleEditView.swift; sourceTree = "<group>"; };
/* End PBXFileReference section */

/* Begin PBXFrameworksBuildPhase section */
		B0491C912AB057DB0027A178 /* Frameworks */ = {
			isa = PBXFrameworksBuildPhase;
			buildActionMask = 2147483647;
			files = (
				B01B58B72ABC4FFE0050BC32 /* FirebaseFunctions in Frameworks */,
				B01B58AD2ABC4FFE0050BC32 /* FirebaseDatabaseSwift in Frameworks */,
				B01B58BD2ABC4FFE0050BC32 /* FirebaseInAppMessagingSwift-Beta in Frameworks */,
				B01B58C32ABC4FFE0050BC32 /* FirebaseMessaging in Frameworks */,
				B01B58A32ABC4FFE0050BC32 /* FirebaseAppDistribution-Beta in Frameworks */,
				B01B58A72ABC4FFE0050BC32 /* FirebaseAuthCombine-Community in Frameworks */,
				B01B58B32ABC4FFE0050BC32 /* FirebaseFirestoreCombine-Community in Frameworks */,
				B01B589D2ABC4FFE0050BC32 /* FirebaseAnalyticsSwift in Frameworks */,
				B01B58C12ABC4FFE0050BC32 /* FirebaseMLModelDownloader in Frameworks */,
				B01B58D02ABC50620050BC32 /* GoogleSignIn in Frameworks */,
				B01B589F2ABC4FFE0050BC32 /* FirebaseAnalyticsWithoutAdIdSupport in Frameworks */,
				B01B58992ABC4FFE0050BC32 /* FirebaseAnalytics in Frameworks */,
				B01B58B52ABC4FFE0050BC32 /* FirebaseFirestoreSwift in Frameworks */,
				B01B589B2ABC4FFE0050BC32 /* FirebaseAnalyticsOnDeviceConversion in Frameworks */,
				B01B58A12ABC4FFE0050BC32 /* FirebaseAppCheck in Frameworks */,
				B01B58D22ABC50620050BC32 /* GoogleSignInSwift in Frameworks */,
				B01B58C52ABC4FFE0050BC32 /* FirebasePerformance in Frameworks */,
				B01B58BB2ABC4FFE0050BC32 /* FirebaseInAppMessaging-Beta in Frameworks */,
				B01B58B92ABC4FFE0050BC32 /* FirebaseFunctionsCombine-Community in Frameworks */,
				B01B58A92ABC4FFE0050BC32 /* FirebaseCrashlytics in Frameworks */,
				B01B58BF2ABC4FFE0050BC32 /* FirebaseInstallations in Frameworks */,
				B01B58C72ABC4FFE0050BC32 /* FirebaseRemoteConfig in Frameworks */,
				B01B58CB2ABC4FFE0050BC32 /* FirebaseStorage in Frameworks */,
				B01B58AB2ABC4FFE0050BC32 /* FirebaseDatabase in Frameworks */,
				B01B58CD2ABC4FFE0050BC32 /* FirebaseStorageCombine-Community in Frameworks */,
				B01B58872ABC3BF00050BC32 /* Neumorphic in Frameworks */,
				B01B58A52ABC4FFE0050BC32 /* FirebaseAuth in Frameworks */,
				B01B58AF2ABC4FFE0050BC32 /* FirebaseDynamicLinks in Frameworks */,
				B01B58B12ABC4FFE0050BC32 /* FirebaseFirestore in Frameworks */,
				B01B58C92ABC4FFE0050BC32 /* FirebaseRemoteConfigSwift in Frameworks */,
			);
			runOnlyForDeploymentPostprocessing = 0;
		};
		B0491CA12AB057DC0027A178 /* Frameworks */ = {
			isa = PBXFrameworksBuildPhase;
			buildActionMask = 2147483647;
			files = (
			);
			runOnlyForDeploymentPostprocessing = 0;
		};
		B0491CAB2AB057DC0027A178 /* Frameworks */ = {
			isa = PBXFrameworksBuildPhase;
			buildActionMask = 2147483647;
			files = (
			);
			runOnlyForDeploymentPostprocessing = 0;
		};
/* End PBXFrameworksBuildPhase section */

/* Begin PBXGroup section */
		B01B586E2ABB24F10050BC32 /* Login */ = {
			isa = PBXGroup;
			children = (
				B01B58702ABB255C0050BC32 /* LoginScreen.swift */,
			);
			path = Login;
			sourceTree = "<group>";
		};
		B01B58722ABB29120050BC32 /* components */ = {
			isa = PBXGroup;
			children = (
				B0491CC52AB4588B0027A178 /* NewsCard.swift */,
			);
			path = components;
			sourceTree = "<group>";
		};
		B01B588C2ABC41450050BC32 /* Models */ = {
			isa = PBXGroup;
			children = (
				B01B588D2ABC415E0050BC32 /* GoogleAuthService.swift */,
				B01B58D32ABCBB180050BC32 /* GoogleUser.swift */,
				B09709BE2AC577990065FEE6 /* FirebaseArticle.swift */,
			);
			path = Models;
			sourceTree = "<group>";
		};
		B01B58D72ABD9B820050BC32 /* AppStore */ = {
			isa = PBXGroup;
			children = (
				B01B58D82ABD9B930050BC32 /* AppStore.swift */,
			);
			path = AppStore;
			sourceTree = "<group>";
		};
		B01B58DC2ABD9C490050BC32 /* AppComponents */ = {
			isa = PBXGroup;
			children = (
				B01B58DD2ABD9C620050BC32 /* RoundedProfilePictureView.swift */,
			);
			path = AppComponents;
			sourceTree = "<group>";
		};
		B0491C8B2AB057DB0027A178 = {
			isa = PBXGroup;
			children = (
				B0491C962AB057DB0027A178 /* NewsApi */,
				B0491CA72AB057DC0027A178 /* NewsApiTests */,
				B0491CB12AB057DC0027A178 /* NewsApiUITests */,
				B0491C952AB057DB0027A178 /* Products */,
			);
			sourceTree = "<group>";
		};
		B0491C952AB057DB0027A178 /* Products */ = {
			isa = PBXGroup;
			children = (
				B0491C942AB057DB0027A178 /* NewsApi.app */,
				B0491CA42AB057DC0027A178 /* NewsApiTests.xctest */,
				B0491CAE2AB057DC0027A178 /* NewsApiUITests.xctest */,
			);
			name = Products;
			sourceTree = "<group>";
		};
		B0491C962AB057DB0027A178 /* NewsApi */ = {
			isa = PBXGroup;
			children = (
				B09709C02AC57D970065FEE6 /* ViewModels */,
				B01B58DC2ABD9C490050BC32 /* AppComponents */,
				B01B58D72ABD9B820050BC32 /* AppStore */,
				B01B58962ABC47C90050BC32 /* Info.plist */,
				B01B58942ABC476B0050BC32 /* GoogleService-Info.plist */,
				B01B588C2ABC41450050BC32 /* Models */,
				B0491CCC2AB4704F0027A178 /* Screens */,
				B0491C992AB057DB0027A178 /* NewsApp.swift */,
				B0491C972AB057DB0027A178 /* NewsApiApp.swift */,
				B0491C9B2AB057DC0027A178 /* Assets.xcassets */,
				B0491C9D2AB057DC0027A178 /* Preview Content */,
			);
			path = NewsApi;
			sourceTree = "<group>";
		};
		B0491C9D2AB057DC0027A178 /* Preview Content */ = {
			isa = PBXGroup;
			children = (
				B0491C9E2AB057DC0027A178 /* Preview Assets.xcassets */,
			);
			path = "Preview Content";
			sourceTree = "<group>";
		};
		B0491CA72AB057DC0027A178 /* NewsApiTests */ = {
			isa = PBXGroup;
			children = (
				B0491CA82AB057DC0027A178 /* NewsApiTests.swift */,
			);
			path = NewsApiTests;
			sourceTree = "<group>";
		};
		B0491CB12AB057DC0027A178 /* NewsApiUITests */ = {
			isa = PBXGroup;
			children = (
				B0491CB22AB057DC0027A178 /* NewsApiUITests.swift */,
				B0491CB42AB057DC0027A178 /* NewsApiUITestsLaunchTests.swift */,
			);
			path = NewsApiUITests;
			sourceTree = "<group>";
		};
		B0491CC92AB460EC0027A178 /* components */ = {
			isa = PBXGroup;
			children = (
				B0491CC72AB458D70027A178 /* SearchInput.swift */,
				B0491CC32AB1C8AB0027A178 /* BackgroundView.swift */,
			);
			path = components;
			sourceTree = "<group>";
		};
		B0491CCC2AB4704F0027A178 /* Screens */ = {
			isa = PBXGroup;
			children = (
				B09709B82AC431C60065FEE6 /* Article */,
				B01B586E2ABB24F10050BC32 /* Login */,
				B0491CCD2AB4705B0027A178 /* News */,
			);
			path = Screens;
			sourceTree = "<group>";
		};
		B0491CCD2AB4705B0027A178 /* News */ = {
			isa = PBXGroup;
			children = (
				B0491CD02AB473670027A178 /* NewsDetail */,
				B0491CC92AB460EC0027A178 /* components */,
				B0491CCE2AB470810027A178 /* NewsScreen.swift */,
			);
			path = News;
			sourceTree = "<group>";
		};
		B0491CD02AB473670027A178 /* NewsDetail */ = {
			isa = PBXGroup;
			children = (
				B01B58722ABB29120050BC32 /* components */,
				B0491CD12AB473790027A178 /* NewsDetail.swift */,
			);
			path = NewsDetail;
			sourceTree = "<group>";
		};
		B09709B82AC431C60065FEE6 /* Article */ = {
			isa = PBXGroup;
			children = (
				B09709BB2AC437190065FEE6 /* components */,
				B09709B92AC431D50065FEE6 /* ArticleView.swift */,
			);
			path = Article;
			sourceTree = "<group>";
		};
		B09709BB2AC437190065FEE6 /* components */ = {
			isa = PBXGroup;
			children = (
				B09709BC2AC4372A0065FEE6 /* AddArticleView.swift */,
				B09709C32AC59AB80065FEE6 /* ArticleListItemView.swift */,
				B09709C52AC59BF50065FEE6 /* ArticleDetailView.swift */,
				B09709C72AC6CAB80065FEE6 /* ArticleEditView.swift */,
			);
			path = components;
			sourceTree = "<group>";
		};
		B09709C02AC57D970065FEE6 /* ViewModels */ = {
			isa = PBXGroup;
			children = (
				B09709C12AC57DB90065FEE6 /* FirebaseArticleViewModel.swift */,
			);
			path = ViewModels;
			sourceTree = "<group>";
		};
/* End PBXGroup section */

/* Begin PBXNativeTarget section */
		B0491C932AB057DB0027A178 /* NewsApi */ = {
			isa = PBXNativeTarget;
			buildConfigurationList = B0491CB82AB057DC0027A178 /* Build configuration list for PBXNativeTarget "NewsApi" */;
			buildPhases = (
				B0491C902AB057DB0027A178 /* Sources */,
				B0491C912AB057DB0027A178 /* Frameworks */,
				B0491C922AB057DB0027A178 /* Resources */,
			);
			buildRules = (
			);
			dependencies = (
			);
			name = NewsApi;
			packageProductDependencies = (
				B01B58862ABC3BF00050BC32 /* Neumorphic */,
				B01B58982ABC4FFE0050BC32 /* FirebaseAnalytics */,
				B01B589A2ABC4FFE0050BC32 /* FirebaseAnalyticsOnDeviceConversion */,
				B01B589C2ABC4FFE0050BC32 /* FirebaseAnalyticsSwift */,
				B01B589E2ABC4FFE0050BC32 /* FirebaseAnalyticsWithoutAdIdSupport */,
				B01B58A02ABC4FFE0050BC32 /* FirebaseAppCheck */,
				B01B58A22ABC4FFE0050BC32 /* FirebaseAppDistribution-Beta */,
				B01B58A42ABC4FFE0050BC32 /* FirebaseAuth */,
				B01B58A62ABC4FFE0050BC32 /* FirebaseAuthCombine-Community */,
				B01B58A82ABC4FFE0050BC32 /* FirebaseCrashlytics */,
				B01B58AA2ABC4FFE0050BC32 /* FirebaseDatabase */,
				B01B58AC2ABC4FFE0050BC32 /* FirebaseDatabaseSwift */,
				B01B58AE2ABC4FFE0050BC32 /* FirebaseDynamicLinks */,
				B01B58B02ABC4FFE0050BC32 /* FirebaseFirestore */,
				B01B58B22ABC4FFE0050BC32 /* FirebaseFirestoreCombine-Community */,
				B01B58B42ABC4FFE0050BC32 /* FirebaseFirestoreSwift */,
				B01B58B62ABC4FFE0050BC32 /* FirebaseFunctions */,
				B01B58B82ABC4FFE0050BC32 /* FirebaseFunctionsCombine-Community */,
				B01B58BA2ABC4FFE0050BC32 /* FirebaseInAppMessaging-Beta */,
				B01B58BC2ABC4FFE0050BC32 /* FirebaseInAppMessagingSwift-Beta */,
				B01B58BE2ABC4FFE0050BC32 /* FirebaseInstallations */,
				B01B58C02ABC4FFE0050BC32 /* FirebaseMLModelDownloader */,
				B01B58C22ABC4FFE0050BC32 /* FirebaseMessaging */,
				B01B58C42ABC4FFE0050BC32 /* FirebasePerformance */,
				B01B58C62ABC4FFE0050BC32 /* FirebaseRemoteConfig */,
				B01B58C82ABC4FFE0050BC32 /* FirebaseRemoteConfigSwift */,
				B01B58CA2ABC4FFE0050BC32 /* FirebaseStorage */,
				B01B58CC2ABC4FFE0050BC32 /* FirebaseStorageCombine-Community */,
				B01B58CF2ABC50620050BC32 /* GoogleSignIn */,
				B01B58D12ABC50620050BC32 /* GoogleSignInSwift */,
			);
			productName = NewsApi;
			productReference = B0491C942AB057DB0027A178 /* NewsApi.app */;
			productType = "com.apple.product-type.application";
		};
		B0491CA32AB057DC0027A178 /* NewsApiTests */ = {
			isa = PBXNativeTarget;
			buildConfigurationList = B0491CBB2AB057DC0027A178 /* Build configuration list for PBXNativeTarget "NewsApiTests" */;
			buildPhases = (
				B0491CA02AB057DC0027A178 /* Sources */,
				B0491CA12AB057DC0027A178 /* Frameworks */,
				B0491CA22AB057DC0027A178 /* Resources */,
			);
			buildRules = (
			);
			dependencies = (
				B0491CA62AB057DC0027A178 /* PBXTargetDependency */,
			);
			name = NewsApiTests;
			productName = NewsApiTests;
			productReference = B0491CA42AB057DC0027A178 /* NewsApiTests.xctest */;
			productType = "com.apple.product-type.bundle.unit-test";
		};
		B0491CAD2AB057DC0027A178 /* NewsApiUITests */ = {
			isa = PBXNativeTarget;
			buildConfigurationList = B0491CBE2AB057DC0027A178 /* Build configuration list for PBXNativeTarget "NewsApiUITests" */;
			buildPhases = (
				B0491CAA2AB057DC0027A178 /* Sources */,
				B0491CAB2AB057DC0027A178 /* Frameworks */,
				B0491CAC2AB057DC0027A178 /* Resources */,
			);
			buildRules = (
			);
			dependencies = (
				B0491CB02AB057DC0027A178 /* PBXTargetDependency */,
			);
			name = NewsApiUITests;
			productName = NewsApiUITests;
			productReference = B0491CAE2AB057DC0027A178 /* NewsApiUITests.xctest */;
			productType = "com.apple.product-type.bundle.ui-testing";
		};
/* End PBXNativeTarget section */

/* Begin PBXProject section */
		B0491C8C2AB057DB0027A178 /* Project object */ = {
			isa = PBXProject;
			attributes = {
				BuildIndependentTargetsInParallel = 1;
				LastSwiftUpdateCheck = 1420;
				LastUpgradeCheck = 1420;
				TargetAttributes = {
					B0491C932AB057DB0027A178 = {
						CreatedOnToolsVersion = 14.2;
					};
					B0491CA32AB057DC0027A178 = {
						CreatedOnToolsVersion = 14.2;
						TestTargetID = B0491C932AB057DB0027A178;
					};
					B0491CAD2AB057DC0027A178 = {
						CreatedOnToolsVersion = 14.2;
						TestTargetID = B0491C932AB057DB0027A178;
					};
				};
			};
			buildConfigurationList = B0491C8F2AB057DB0027A178 /* Build configuration list for PBXProject "NewsApi" */;
			compatibilityVersion = "Xcode 14.0";
			developmentRegion = en;
			hasScannedForEncodings = 0;
			knownRegions = (
				en,
				Base,
			);
			mainGroup = B0491C8B2AB057DB0027A178;
			packageReferences = (
				B01B58852ABC3BF00050BC32 /* XCRemoteSwiftPackageReference "neumorphic" */,
				B01B58972ABC4FFE0050BC32 /* XCRemoteSwiftPackageReference "firebase-ios-sdk" */,
				B01B58CE2ABC50620050BC32 /* XCRemoteSwiftPackageReference "GoogleSignIn-iOS" */,
			);
			productRefGroup = B0491C952AB057DB0027A178 /* Products */;
			projectDirPath = "";
			projectRoot = "";
			targets = (
				B0491C932AB057DB0027A178 /* NewsApi */,
				B0491CA32AB057DC0027A178 /* NewsApiTests */,
				B0491CAD2AB057DC0027A178 /* NewsApiUITests */,
			);
		};
/* End PBXProject section */

/* Begin PBXResourcesBuildPhase section */
		B0491C922AB057DB0027A178 /* Resources */ = {
			isa = PBXResourcesBuildPhase;
			buildActionMask = 2147483647;
			files = (
				B0491C9F2AB057DC0027A178 /* Preview Assets.xcassets in Resources */,
				B01B58952ABC476C0050BC32 /* GoogleService-Info.plist in Resources */,
				B0491C9C2AB057DC0027A178 /* Assets.xcassets in Resources */,
			);
			runOnlyForDeploymentPostprocessing = 0;
		};
		B0491CA22AB057DC0027A178 /* Resources */ = {
			isa = PBXResourcesBuildPhase;
			buildActionMask = 2147483647;
			files = (
			);
			runOnlyForDeploymentPostprocessing = 0;
		};
		B0491CAC2AB057DC0027A178 /* Resources */ = {
			isa = PBXResourcesBuildPhase;
			buildActionMask = 2147483647;
			files = (
			);
			runOnlyForDeploymentPostprocessing = 0;
		};
/* End PBXResourcesBuildPhase section */

/* Begin PBXSourcesBuildPhase section */
		B0491C902AB057DB0027A178 /* Sources */ = {
			isa = PBXSourcesBuildPhase;
			buildActionMask = 2147483647;
			files = (
				B0491C9A2AB057DB0027A178 /* NewsApp.swift in Sources */,
				B0491CC82AB458D70027A178 /* SearchInput.swift in Sources */,
				B0491CCF2AB470810027A178 /* NewsScreen.swift in Sources */,
				B01B58DE2ABD9C620050BC32 /* RoundedProfilePictureView.swift in Sources */,
				B0491CC42AB1C8AB0027A178 /* BackgroundView.swift in Sources */,
				B0491C982AB057DB0027A178 /* NewsApiApp.swift in Sources */,
				B09709C62AC59BF50065FEE6 /* ArticleDetailView.swift in Sources */,
				B0491CC62AB4588B0027A178 /* NewsCard.swift in Sources */,
				B09709C42AC59AB80065FEE6 /* ArticleListItemView.swift in Sources */,
				B01B588E2ABC415E0050BC32 /* GoogleAuthService.swift in Sources */,
				B01B58D42ABCBB180050BC32 /* GoogleUser.swift in Sources */,
				B01B58712ABB255C0050BC32 /* LoginScreen.swift in Sources */,
				B09709C22AC57DB90065FEE6 /* FirebaseArticleViewModel.swift in Sources */,
				B01B58D92ABD9B930050BC32 /* AppStore.swift in Sources */,
				B09709C82AC6CAB80065FEE6 /* ArticleEditView.swift in Sources */,
				B09709BA2AC431D50065FEE6 /* ArticleView.swift in Sources */,
				B0491CD22AB473790027A178 /* NewsDetail.swift in Sources */,
				B09709BD2AC4372A0065FEE6 /* AddArticleView.swift in Sources */,
				B09709BF2AC577990065FEE6 /* FirebaseArticle.swift in Sources */,
			);
			runOnlyForDeploymentPostprocessing = 0;
		};
		B0491CA02AB057DC0027A178 /* Sources */ = {
			isa = PBXSourcesBuildPhase;
			buildActionMask = 2147483647;
			files = (
				B0491CA92AB057DC0027A178 /* NewsApiTests.swift in Sources */,
			);
			runOnlyForDeploymentPostprocessing = 0;
		};
		B0491CAA2AB057DC0027A178 /* Sources */ = {
			isa = PBXSourcesBuildPhase;
			buildActionMask = 2147483647;
			files = (
				B0491CB52AB057DC0027A178 /* NewsApiUITestsLaunchTests.swift in Sources */,
				B0491CB32AB057DC0027A178 /* NewsApiUITests.swift in Sources */,
			);
			runOnlyForDeploymentPostprocessing = 0;
		};
/* End PBXSourcesBuildPhase section */

/* Begin PBXTargetDependency section */
		B0491CA62AB057DC0027A178 /* PBXTargetDependency */ = {
			isa = PBXTargetDependency;
			target = B0491C932AB057DB0027A178 /* NewsApi */;
			targetProxy = B0491CA52AB057DC0027A178 /* PBXContainerItemProxy */;
		};
		B0491CB02AB057DC0027A178 /* PBXTargetDependency */ = {
			isa = PBXTargetDependency;
			target = B0491C932AB057DB0027A178 /* NewsApi */;
			targetProxy = B0491CAF2AB057DC0027A178 /* PBXContainerItemProxy */;
		};
/* End PBXTargetDependency section */

/* Begin XCBuildConfiguration section */
		B0491CB62AB057DC0027A178 /* Debug */ = {
			isa = XCBuildConfiguration;
			buildSettings = {
				ALWAYS_SEARCH_USER_PATHS = NO;
				CLANG_ANALYZER_NONNULL = YES;
				CLANG_ANALYZER_NUMBER_OBJECT_CONVERSION = YES_AGGRESSIVE;
				CLANG_CXX_LANGUAGE_STANDARD = "gnu++20";
				CLANG_ENABLE_MODULES = YES;
				CLANG_ENABLE_OBJC_ARC = YES;
				CLANG_ENABLE_OBJC_WEAK = YES;
				CLANG_WARN_BLOCK_CAPTURE_AUTORELEASING = YES;
				CLANG_WARN_BOOL_CONVERSION = YES;
				CLANG_WARN_COMMA = YES;
				CLANG_WARN_CONSTANT_CONVERSION = YES;
				CLANG_WARN_DEPRECATED_OBJC_IMPLEMENTATIONS = YES;
				CLANG_WARN_DIRECT_OBJC_ISA_USAGE = YES_ERROR;
				CLANG_WARN_DOCUMENTATION_COMMENTS = YES;
				CLANG_WARN_EMPTY_BODY = YES;
				CLANG_WARN_ENUM_CONVERSION = YES;
				CLANG_WARN_INFINITE_RECURSION = YES;
				CLANG_WARN_INT_CONVERSION = YES;
				CLANG_WARN_NON_LITERAL_NULL_CONVERSION = YES;
				CLANG_WARN_OBJC_IMPLICIT_RETAIN_SELF = YES;
				CLANG_WARN_OBJC_LITERAL_CONVERSION = YES;
				CLANG_WARN_OBJC_ROOT_CLASS = YES_ERROR;
				CLANG_WARN_QUOTED_INCLUDE_IN_FRAMEWORK_HEADER = YES;
				CLANG_WARN_RANGE_LOOP_ANALYSIS = YES;
				CLANG_WARN_STRICT_PROTOTYPES = YES;
				CLANG_WARN_SUSPICIOUS_MOVE = YES;
				CLANG_WARN_UNGUARDED_AVAILABILITY = YES_AGGRESSIVE;
				CLANG_WARN_UNREACHABLE_CODE = YES;
				CLANG_WARN__DUPLICATE_METHOD_MATCH = YES;
				COPY_PHASE_STRIP = NO;
				DEBUG_INFORMATION_FORMAT = dwarf;
				ENABLE_STRICT_OBJC_MSGSEND = YES;
				ENABLE_TESTABILITY = YES;
				GCC_C_LANGUAGE_STANDARD = gnu11;
				GCC_DYNAMIC_NO_PIC = NO;
				GCC_NO_COMMON_BLOCKS = YES;
				GCC_OPTIMIZATION_LEVEL = 0;
				GCC_PREPROCESSOR_DEFINITIONS = (
					"DEBUG=1",
					"$(inherited)",
				);
				GCC_WARN_64_TO_32_BIT_CONVERSION = YES;
				GCC_WARN_ABOUT_RETURN_TYPE = YES_ERROR;
				GCC_WARN_UNDECLARED_SELECTOR = YES;
				GCC_WARN_UNINITIALIZED_AUTOS = YES_AGGRESSIVE;
				GCC_WARN_UNUSED_FUNCTION = YES;
				GCC_WARN_UNUSED_VARIABLE = YES;
				IPHONEOS_DEPLOYMENT_TARGET = 16.2;
				MTL_ENABLE_DEBUG_INFO = INCLUDE_SOURCE;
				MTL_FAST_MATH = YES;
				ONLY_ACTIVE_ARCH = YES;
				SDKROOT = iphoneos;
				SWIFT_ACTIVE_COMPILATION_CONDITIONS = DEBUG;
				SWIFT_OPTIMIZATION_LEVEL = "-Onone";
			};
			name = Debug;
		};
		B0491CB72AB057DC0027A178 /* Release */ = {
			isa = XCBuildConfiguration;
			buildSettings = {
				ALWAYS_SEARCH_USER_PATHS = NO;
				CLANG_ANALYZER_NONNULL = YES;
				CLANG_ANALYZER_NUMBER_OBJECT_CONVERSION = YES_AGGRESSIVE;
				CLANG_CXX_LANGUAGE_STANDARD = "gnu++20";
				CLANG_ENABLE_MODULES = YES;
				CLANG_ENABLE_OBJC_ARC = YES;
				CLANG_ENABLE_OBJC_WEAK = YES;
				CLANG_WARN_BLOCK_CAPTURE_AUTORELEASING = YES;
				CLANG_WARN_BOOL_CONVERSION = YES;
				CLANG_WARN_COMMA = YES;
				CLANG_WARN_CONSTANT_CONVERSION = YES;
				CLANG_WARN_DEPRECATED_OBJC_IMPLEMENTATIONS = YES;
				CLANG_WARN_DIRECT_OBJC_ISA_USAGE = YES_ERROR;
				CLANG_WARN_DOCUMENTATION_COMMENTS = YES;
				CLANG_WARN_EMPTY_BODY = YES;
				CLANG_WARN_ENUM_CONVERSION = YES;
				CLANG_WARN_INFINITE_RECURSION = YES;
				CLANG_WARN_INT_CONVERSION = YES;
				CLANG_WARN_NON_LITERAL_NULL_CONVERSION = YES;
				CLANG_WARN_OBJC_IMPLICIT_RETAIN_SELF = YES;
				CLANG_WARN_OBJC_LITERAL_CONVERSION = YES;
				CLANG_WARN_OBJC_ROOT_CLASS = YES_ERROR;
				CLANG_WARN_QUOTED_INCLUDE_IN_FRAMEWORK_HEADER = YES;
				CLANG_WARN_RANGE_LOOP_ANALYSIS = YES;
				CLANG_WARN_STRICT_PROTOTYPES = YES;
				CLANG_WARN_SUSPICIOUS_MOVE = YES;
				CLANG_WARN_UNGUARDED_AVAILABILITY = YES_AGGRESSIVE;
				CLANG_WARN_UNREACHABLE_CODE = YES;
				CLANG_WARN__DUPLICATE_METHOD_MATCH = YES;
				COPY_PHASE_STRIP = NO;
				DEBUG_INFORMATION_FORMAT = "dwarf-with-dsym";
				ENABLE_NS_ASSERTIONS = NO;
				ENABLE_STRICT_OBJC_MSGSEND = YES;
				GCC_C_LANGUAGE_STANDARD = gnu11;
				GCC_NO_COMMON_BLOCKS = YES;
				GCC_WARN_64_TO_32_BIT_CONVERSION = YES;
				GCC_WARN_ABOUT_RETURN_TYPE = YES_ERROR;
				GCC_WARN_UNDECLARED_SELECTOR = YES;
				GCC_WARN_UNINITIALIZED_AUTOS = YES_AGGRESSIVE;
				GCC_WARN_UNUSED_FUNCTION = YES;
				GCC_WARN_UNUSED_VARIABLE = YES;
				IPHONEOS_DEPLOYMENT_TARGET = 16.2;
				MTL_ENABLE_DEBUG_INFO = NO;
				MTL_FAST_MATH = YES;
				SDKROOT = iphoneos;
				SWIFT_COMPILATION_MODE = wholemodule;
				SWIFT_OPTIMIZATION_LEVEL = "-O";
				VALIDATE_PRODUCT = YES;
			};
			name = Release;
		};
		B0491CB92AB057DC0027A178 /* Debug */ = {
			isa = XCBuildConfiguration;
			buildSettings = {
				ASSETCATALOG_COMPILER_APPICON_NAME = AppIcon;
				ASSETCATALOG_COMPILER_GLOBAL_ACCENT_COLOR_NAME = AccentColor;
				CODE_SIGN_STYLE = Automatic;
				CURRENT_PROJECT_VERSION = 1;
				DEVELOPMENT_ASSET_PATHS = "\"NewsApi/Preview Content\"";
				ENABLE_PREVIEWS = YES;
				GENERATE_INFOPLIST_FILE = YES;
				INFOPLIST_FILE = NewsApi/Info.plist;
				INFOPLIST_KEY_UIApplicationSceneManifest_Generation = YES;
				INFOPLIST_KEY_UIApplicationSupportsIndirectInputEvents = YES;
				INFOPLIST_KEY_UILaunchScreen_Generation = YES;
				INFOPLIST_KEY_UISupportedInterfaceOrientations_iPad = "UIInterfaceOrientationPortrait UIInterfaceOrientationPortraitUpsideDown UIInterfaceOrientationLandscapeLeft UIInterfaceOrientationLandscapeRight";
				INFOPLIST_KEY_UISupportedInterfaceOrientations_iPhone = "UIInterfaceOrientationPortrait UIInterfaceOrientationLandscapeLeft UIInterfaceOrientationLandscapeRight";
				LD_RUNPATH_SEARCH_PATHS = (
					"$(inherited)",
					"@executable_path/Frameworks",
				);
				MARKETING_VERSION = 1.0;
				PRODUCT_BUNDLE_IDENTIFIER = wecan.NewsApi;
				PRODUCT_NAME = "$(TARGET_NAME)";
				SWIFT_EMIT_LOC_STRINGS = YES;
				SWIFT_VERSION = 5.0;
				TARGETED_DEVICE_FAMILY = "1,2";
			};
			name = Debug;
		};
		B0491CBA2AB057DC0027A178 /* Release */ = {
			isa = XCBuildConfiguration;
			buildSettings = {
				ASSETCATALOG_COMPILER_APPICON_NAME = AppIcon;
				ASSETCATALOG_COMPILER_GLOBAL_ACCENT_COLOR_NAME = AccentColor;
				CODE_SIGN_STYLE = Automatic;
				CURRENT_PROJECT_VERSION = 1;
				DEVELOPMENT_ASSET_PATHS = "\"NewsApi/Preview Content\"";
				ENABLE_PREVIEWS = YES;
				GENERATE_INFOPLIST_FILE = YES;
				INFOPLIST_FILE = NewsApi/Info.plist;
				INFOPLIST_KEY_UIApplicationSceneManifest_Generation = YES;
				INFOPLIST_KEY_UIApplicationSupportsIndirectInputEvents = YES;
				INFOPLIST_KEY_UILaunchScreen_Generation = YES;
				INFOPLIST_KEY_UISupportedInterfaceOrientations_iPad = "UIInterfaceOrientationPortrait UIInterfaceOrientationPortraitUpsideDown UIInterfaceOrientationLandscapeLeft UIInterfaceOrientationLandscapeRight";
				INFOPLIST_KEY_UISupportedInterfaceOrientations_iPhone = "UIInterfaceOrientationPortrait UIInterfaceOrientationLandscapeLeft UIInterfaceOrientationLandscapeRight";
				LD_RUNPATH_SEARCH_PATHS = (
					"$(inherited)",
					"@executable_path/Frameworks",
				);
				MARKETING_VERSION = 1.0;
				PRODUCT_BUNDLE_IDENTIFIER = wecan.NewsApi;
				PRODUCT_NAME = "$(TARGET_NAME)";
				SWIFT_EMIT_LOC_STRINGS = YES;
				SWIFT_VERSION = 5.0;
				TARGETED_DEVICE_FAMILY = "1,2";
			};
			name = Release;
		};
		B0491CBC2AB057DC0027A178 /* Debug */ = {
			isa = XCBuildConfiguration;
			buildSettings = {
				ALWAYS_EMBED_SWIFT_STANDARD_LIBRARIES = YES;
				BUNDLE_LOADER = "$(TEST_HOST)";
				CODE_SIGN_STYLE = Automatic;
				CURRENT_PROJECT_VERSION = 1;
				GENERATE_INFOPLIST_FILE = YES;
				IPHONEOS_DEPLOYMENT_TARGET = 16.2;
				MARKETING_VERSION = 1.0;
				PRODUCT_BUNDLE_IDENTIFIER = wecan.NewsApiTests;
				PRODUCT_NAME = "$(TARGET_NAME)";
				SWIFT_EMIT_LOC_STRINGS = NO;
				SWIFT_VERSION = 5.0;
				TARGETED_DEVICE_FAMILY = "1,2";
				TEST_HOST = "$(BUILT_PRODUCTS_DIR)/NewsApi.app/$(BUNDLE_EXECUTABLE_FOLDER_PATH)/NewsApi";
			};
			name = Debug;
		};
		B0491CBD2AB057DC0027A178 /* Release */ = {
			isa = XCBuildConfiguration;
			buildSettings = {
				ALWAYS_EMBED_SWIFT_STANDARD_LIBRARIES = YES;
				BUNDLE_LOADER = "$(TEST_HOST)";
				CODE_SIGN_STYLE = Automatic;
				CURRENT_PROJECT_VERSION = 1;
				GENERATE_INFOPLIST_FILE = YES;
				IPHONEOS_DEPLOYMENT_TARGET = 16.2;
				MARKETING_VERSION = 1.0;
				PRODUCT_BUNDLE_IDENTIFIER = wecan.NewsApiTests;
				PRODUCT_NAME = "$(TARGET_NAME)";
				SWIFT_EMIT_LOC_STRINGS = NO;
				SWIFT_VERSION = 5.0;
				TARGETED_DEVICE_FAMILY = "1,2";
				TEST_HOST = "$(BUILT_PRODUCTS_DIR)/NewsApi.app/$(BUNDLE_EXECUTABLE_FOLDER_PATH)/NewsApi";
			};
			name = Release;
		};
		B0491CBF2AB057DC0027A178 /* Debug */ = {
			isa = XCBuildConfiguration;
			buildSettings = {
				ALWAYS_EMBED_SWIFT_STANDARD_LIBRARIES = YES;
				CODE_SIGN_STYLE = Automatic;
				CURRENT_PROJECT_VERSION = 1;
				GENERATE_INFOPLIST_FILE = YES;
				MARKETING_VERSION = 1.0;
				PRODUCT_BUNDLE_IDENTIFIER = wecan.NewsApiUITests;
				PRODUCT_NAME = "$(TARGET_NAME)";
				SWIFT_EMIT_LOC_STRINGS = NO;
				SWIFT_VERSION = 5.0;
				TARGETED_DEVICE_FAMILY = "1,2";
				TEST_TARGET_NAME = NewsApi;
			};
			name = Debug;
		};
		B0491CC02AB057DC0027A178 /* Release */ = {
			isa = XCBuildConfiguration;
			buildSettings = {
				ALWAYS_EMBED_SWIFT_STANDARD_LIBRARIES = YES;
				CODE_SIGN_STYLE = Automatic;
				CURRENT_PROJECT_VERSION = 1;
				GENERATE_INFOPLIST_FILE = YES;
				MARKETING_VERSION = 1.0;
				PRODUCT_BUNDLE_IDENTIFIER = wecan.NewsApiUITests;
				PRODUCT_NAME = "$(TARGET_NAME)";
				SWIFT_EMIT_LOC_STRINGS = NO;
				SWIFT_VERSION = 5.0;
				TARGETED_DEVICE_FAMILY = "1,2";
				TEST_TARGET_NAME = NewsApi;
			};
			name = Release;
		};
/* End XCBuildConfiguration section */

/* Begin XCConfigurationList section */
		B0491C8F2AB057DB0027A178 /* Build configuration list for PBXProject "NewsApi" */ = {
			isa = XCConfigurationList;
			buildConfigurations = (
				B0491CB62AB057DC0027A178 /* Debug */,
				B0491CB72AB057DC0027A178 /* Release */,
			);
			defaultConfigurationIsVisible = 0;
			defaultConfigurationName = Release;
		};
		B0491CB82AB057DC0027A178 /* Build configuration list for PBXNativeTarget "NewsApi" */ = {
			isa = XCConfigurationList;
			buildConfigurations = (
				B0491CB92AB057DC0027A178 /* Debug */,
				B0491CBA2AB057DC0027A178 /* Release */,
			);
			defaultConfigurationIsVisible = 0;
			defaultConfigurationName = Release;
		};
		B0491CBB2AB057DC0027A178 /* Build configuration list for PBXNativeTarget "NewsApiTests" */ = {
			isa = XCConfigurationList;
			buildConfigurations = (
				B0491CBC2AB057DC0027A178 /* Debug */,
				B0491CBD2AB057DC0027A178 /* Release */,
			);
			defaultConfigurationIsVisible = 0;
			defaultConfigurationName = Release;
		};
		B0491CBE2AB057DC0027A178 /* Build configuration list for PBXNativeTarget "NewsApiUITests" */ = {
			isa = XCConfigurationList;
			buildConfigurations = (
				B0491CBF2AB057DC0027A178 /* Debug */,
				B0491CC02AB057DC0027A178 /* Release */,
			);
			defaultConfigurationIsVisible = 0;
			defaultConfigurationName = Release;
		};
/* End XCConfigurationList section */

/* Begin XCRemoteSwiftPackageReference section */
		B01B58852ABC3BF00050BC32 /* XCRemoteSwiftPackageReference "neumorphic" */ = {
			isa = XCRemoteSwiftPackageReference;
			repositoryURL = "https://github.com/costachung/neumorphic";
			requirement = {
				branch = master;
				kind = branch;
			};
		};
		B01B58972ABC4FFE0050BC32 /* XCRemoteSwiftPackageReference "firebase-ios-sdk" */ = {
			isa = XCRemoteSwiftPackageReference;
			repositoryURL = "https://github.com/firebase/firebase-ios-sdk.git";
			requirement = {
				branch = master;
				kind = branch;
			};
		};
		B01B58CE2ABC50620050BC32 /* XCRemoteSwiftPackageReference "GoogleSignIn-iOS" */ = {
			isa = XCRemoteSwiftPackageReference;
			repositoryURL = "https://github.com/google/GoogleSignIn-iOS";
			requirement = {
				branch = main;
				kind = branch;
			};
		};
/* End XCRemoteSwiftPackageReference section */

/* Begin XCSwiftPackageProductDependency section */
		B01B58862ABC3BF00050BC32 /* Neumorphic */ = {
			isa = XCSwiftPackageProductDependency;
			package = B01B58852ABC3BF00050BC32 /* XCRemoteSwiftPackageReference "neumorphic" */;
			productName = Neumorphic;
		};
		B01B58982ABC4FFE0050BC32 /* FirebaseAnalytics */ = {
			isa = XCSwiftPackageProductDependency;
			package = B01B58972ABC4FFE0050BC32 /* XCRemoteSwiftPackageReference "firebase-ios-sdk" */;
			productName = FirebaseAnalytics;
		};
		B01B589A2ABC4FFE0050BC32 /* FirebaseAnalyticsOnDeviceConversion */ = {
			isa = XCSwiftPackageProductDependency;
			package = B01B58972ABC4FFE0050BC32 /* XCRemoteSwiftPackageReference "firebase-ios-sdk" */;
			productName = FirebaseAnalyticsOnDeviceConversion;
		};
		B01B589C2ABC4FFE0050BC32 /* FirebaseAnalyticsSwift */ = {
			isa = XCSwiftPackageProductDependency;
			package = B01B58972ABC4FFE0050BC32 /* XCRemoteSwiftPackageReference "firebase-ios-sdk" */;
			productName = FirebaseAnalyticsSwift;
		};
		B01B589E2ABC4FFE0050BC32 /* FirebaseAnalyticsWithoutAdIdSupport */ = {
			isa = XCSwiftPackageProductDependency;
			package = B01B58972ABC4FFE0050BC32 /* XCRemoteSwiftPackageReference "firebase-ios-sdk" */;
			productName = FirebaseAnalyticsWithoutAdIdSupport;
		};
		B01B58A02ABC4FFE0050BC32 /* FirebaseAppCheck */ = {
			isa = XCSwiftPackageProductDependency;
			package = B01B58972ABC4FFE0050BC32 /* XCRemoteSwiftPackageReference "firebase-ios-sdk" */;
			productName = FirebaseAppCheck;
		};
		B01B58A22ABC4FFE0050BC32 /* FirebaseAppDistribution-Beta */ = {
			isa = XCSwiftPackageProductDependency;
			package = B01B58972ABC4FFE0050BC32 /* XCRemoteSwiftPackageReference "firebase-ios-sdk" */;
			productName = "FirebaseAppDistribution-Beta";
		};
		B01B58A42ABC4FFE0050BC32 /* FirebaseAuth */ = {
			isa = XCSwiftPackageProductDependency;
			package = B01B58972ABC4FFE0050BC32 /* XCRemoteSwiftPackageReference "firebase-ios-sdk" */;
			productName = FirebaseAuth;
		};
		B01B58A62ABC4FFE0050BC32 /* FirebaseAuthCombine-Community */ = {
			isa = XCSwiftPackageProductDependency;
			package = B01B58972ABC4FFE0050BC32 /* XCRemoteSwiftPackageReference "firebase-ios-sdk" */;
			productName = "FirebaseAuthCombine-Community";
		};
		B01B58A82ABC4FFE0050BC32 /* FirebaseCrashlytics */ = {
			isa = XCSwiftPackageProductDependency;
			package = B01B58972ABC4FFE0050BC32 /* XCRemoteSwiftPackageReference "firebase-ios-sdk" */;
			productName = FirebaseCrashlytics;
		};
		B01B58AA2ABC4FFE0050BC32 /* FirebaseDatabase */ = {
			isa = XCSwiftPackageProductDependency;
			package = B01B58972ABC4FFE0050BC32 /* XCRemoteSwiftPackageReference "firebase-ios-sdk" */;
			productName = FirebaseDatabase;
		};
		B01B58AC2ABC4FFE0050BC32 /* FirebaseDatabaseSwift */ = {
			isa = XCSwiftPackageProductDependency;
			package = B01B58972ABC4FFE0050BC32 /* XCRemoteSwiftPackageReference "firebase-ios-sdk" */;
			productName = FirebaseDatabaseSwift;
		};
		B01B58AE2ABC4FFE0050BC32 /* FirebaseDynamicLinks */ = {
			isa = XCSwiftPackageProductDependency;
			package = B01B58972ABC4FFE0050BC32 /* XCRemoteSwiftPackageReference "firebase-ios-sdk" */;
			productName = FirebaseDynamicLinks;
		};
		B01B58B02ABC4FFE0050BC32 /* FirebaseFirestore */ = {
			isa = XCSwiftPackageProductDependency;
			package = B01B58972ABC4FFE0050BC32 /* XCRemoteSwiftPackageReference "firebase-ios-sdk" */;
			productName = FirebaseFirestore;
		};
		B01B58B22ABC4FFE0050BC32 /* FirebaseFirestoreCombine-Community */ = {
			isa = XCSwiftPackageProductDependency;
			package = B01B58972ABC4FFE0050BC32 /* XCRemoteSwiftPackageReference "firebase-ios-sdk" */;
			productName = "FirebaseFirestoreCombine-Community";
		};
		B01B58B42ABC4FFE0050BC32 /* FirebaseFirestoreSwift */ = {
			isa = XCSwiftPackageProductDependency;
			package = B01B58972ABC4FFE0050BC32 /* XCRemoteSwiftPackageReference "firebase-ios-sdk" */;
			productName = FirebaseFirestoreSwift;
		};
		B01B58B62ABC4FFE0050BC32 /* FirebaseFunctions */ = {
			isa = XCSwiftPackageProductDependency;
			package = B01B58972ABC4FFE0050BC32 /* XCRemoteSwiftPackageReference "firebase-ios-sdk" */;
			productName = FirebaseFunctions;
		};
		B01B58B82ABC4FFE0050BC32 /* FirebaseFunctionsCombine-Community */ = {
			isa = XCSwiftPackageProductDependency;
			package = B01B58972ABC4FFE0050BC32 /* XCRemoteSwiftPackageReference "firebase-ios-sdk" */;
			productName = "FirebaseFunctionsCombine-Community";
		};
		B01B58BA2ABC4FFE0050BC32 /* FirebaseInAppMessaging-Beta */ = {
			isa = XCSwiftPackageProductDependency;
			package = B01B58972ABC4FFE0050BC32 /* XCRemoteSwiftPackageReference "firebase-ios-sdk" */;
			productName = "FirebaseInAppMessaging-Beta";
		};
		B01B58BC2ABC4FFE0050BC32 /* FirebaseInAppMessagingSwift-Beta */ = {
			isa = XCSwiftPackageProductDependency;
			package = B01B58972ABC4FFE0050BC32 /* XCRemoteSwiftPackageReference "firebase-ios-sdk" */;
			productName = "FirebaseInAppMessagingSwift-Beta";
		};
		B01B58BE2ABC4FFE0050BC32 /* FirebaseInstallations */ = {
			isa = XCSwiftPackageProductDependency;
			package = B01B58972ABC4FFE0050BC32 /* XCRemoteSwiftPackageReference "firebase-ios-sdk" */;
			productName = FirebaseInstallations;
		};
		B01B58C02ABC4FFE0050BC32 /* FirebaseMLModelDownloader */ = {
			isa = XCSwiftPackageProductDependency;
			package = B01B58972ABC4FFE0050BC32 /* XCRemoteSwiftPackageReference "firebase-ios-sdk" */;
			productName = FirebaseMLModelDownloader;
		};
		B01B58C22ABC4FFE0050BC32 /* FirebaseMessaging */ = {
			isa = XCSwiftPackageProductDependency;
			package = B01B58972ABC4FFE0050BC32 /* XCRemoteSwiftPackageReference "firebase-ios-sdk" */;
			productName = FirebaseMessaging;
		};
		B01B58C42ABC4FFE0050BC32 /* FirebasePerformance */ = {
			isa = XCSwiftPackageProductDependency;
			package = B01B58972ABC4FFE0050BC32 /* XCRemoteSwiftPackageReference "firebase-ios-sdk" */;
			productName = FirebasePerformance;
		};
		B01B58C62ABC4FFE0050BC32 /* FirebaseRemoteConfig */ = {
			isa = XCSwiftPackageProductDependency;
			package = B01B58972ABC4FFE0050BC32 /* XCRemoteSwiftPackageReference "firebase-ios-sdk" */;
			productName = FirebaseRemoteConfig;
		};
		B01B58C82ABC4FFE0050BC32 /* FirebaseRemoteConfigSwift */ = {
			isa = XCSwiftPackageProductDependency;
			package = B01B58972ABC4FFE0050BC32 /* XCRemoteSwiftPackageReference "firebase-ios-sdk" */;
			productName = FirebaseRemoteConfigSwift;
		};
		B01B58CA2ABC4FFE0050BC32 /* FirebaseStorage */ = {
			isa = XCSwiftPackageProductDependency;
			package = B01B58972ABC4FFE0050BC32 /* XCRemoteSwiftPackageReference "firebase-ios-sdk" */;
			productName = FirebaseStorage;
		};
		B01B58CC2ABC4FFE0050BC32 /* FirebaseStorageCombine-Community */ = {
			isa = XCSwiftPackageProductDependency;
			package = B01B58972ABC4FFE0050BC32 /* XCRemoteSwiftPackageReference "firebase-ios-sdk" */;
			productName = "FirebaseStorageCombine-Community";
		};
		B01B58CF2ABC50620050BC32 /* GoogleSignIn */ = {
			isa = XCSwiftPackageProductDependency;
			package = B01B58CE2ABC50620050BC32 /* XCRemoteSwiftPackageReference "GoogleSignIn-iOS" */;
			productName = GoogleSignIn;
		};
		B01B58D12ABC50620050BC32 /* GoogleSignInSwift */ = {
			isa = XCSwiftPackageProductDependency;
			package = B01B58CE2ABC50620050BC32 /* XCRemoteSwiftPackageReference "GoogleSignIn-iOS" */;
			productName = GoogleSignInSwift;
		};
/* End XCSwiftPackageProductDependency section */
	};
	rootObject = B0491C8C2AB057DB0027A178 /* Project object */;
}
